# This file is generated by running "yarn install" inside your project.
# Manual changes might be lost - proceed with caution!

__metadata:
  version: 6
  cacheKey: 8

"@ardatan/fast-json-stringify@npm:^0.0.6":
  version: 0.0.6
  resolution: "@ardatan/fast-json-stringify@npm:0.0.6"
  dependencies:
    "@fastify/deepmerge": ^1.0.0
    fast-deep-equal: ^3.1.3
    rfdc: ^1.2.0
  peerDependencies:
    ajv: ^8.10.0
    ajv-formats: ^2.1.1
  checksum: 16a1ee50c6863fc03cc6efb949dd1e3d5843c584f4231f3b9fb33b7f3bcd85a9ab7aac5f02e683cf37c94c272d37b3495d724beadcf6b1a14eafe7bf3d85f91b
  languageName: node
  linkType: hard

"@babel/runtime@npm:^7.18.3":
  version: 7.21.5
  resolution: "@babel/runtime@npm:7.21.5"
  dependencies:
    regenerator-runtime: ^0.13.11
  checksum: 358f2779d3187f5c67ad302e8f8d435412925d0b991d133c7d4a7b1ddd5a3fda1b6f34537cb64628dfd96a27ae46df105bed3895b8d754b88cacdded8d1129dd
  languageName: node
  linkType: hard

"@fastify/deepmerge@npm:^1.0.0":
  version: 1.3.0
  resolution: "@fastify/deepmerge@npm:1.3.0"
  checksum: 33ec927905dca320d7ae9535a1521909f7c82339706345324ab6287ad100589a799b8257c15b0e582c7bb74e2aa4883d82ba0228d7b116aa8789ada4f78d6974
  languageName: node
  linkType: hard

"@peculiar/asn1-schema@npm:^2.3.6":
  version: 2.3.6
  resolution: "@peculiar/asn1-schema@npm:2.3.6"
  dependencies:
    asn1js: ^3.0.5
    pvtsutils: ^1.3.2
    tslib: ^2.4.0
  checksum: fc09387c6e3dea07fca21b54ea8c71ce3ec0f8c92377237e51aef729f0c2df92781aa7a18a546a6fe809519faeaa222df576ec21a35c6095037a78677204a55b
  languageName: node
  linkType: hard

"@peculiar/json-schema@npm:^1.1.12":
  version: 1.1.12
  resolution: "@peculiar/json-schema@npm:1.1.12"
  dependencies:
    tslib: ^2.0.0
  checksum: b26ececdc23c5ef25837f8be8d1eb5e1c8bb6e9ae7227ac59ffea57fff56bd05137734e7685e9100595d3d88d906dff638ef8d1df54264c388d3eac1b05aa060
  languageName: node
  linkType: hard

"@peculiar/webcrypto@npm:^1.4.0":
  version: 1.4.3
  resolution: "@peculiar/webcrypto@npm:1.4.3"
  dependencies:
    "@peculiar/asn1-schema": ^2.3.6
    "@peculiar/json-schema": ^1.1.12
    pvtsutils: ^1.3.2
    tslib: ^2.5.0
    webcrypto-core: ^1.7.7
  checksum: 5604c02b7e9a8cef61bb4430e733e939c7737533ba65ba5fac4beb3a6d613add478ab45455cb57506789b6d00704d83e4965a0f712de3e8f40706e0961670e5c
  languageName: node
  linkType: hard

"@types/json-schema@npm:^7.0.9":
  version: 7.0.11
  resolution: "@types/json-schema@npm:7.0.11"
  checksum: 527bddfe62db9012fccd7627794bd4c71beb77601861055d87e3ee464f2217c85fca7a4b56ae677478367bbd248dbde13553312b7d4dbc702a2f2bbf60c4018d
  languageName: node
  linkType: hard

"@whatwg-node/cookie-store@npm:^0.0.1":
  version: 0.0.1
  resolution: "@whatwg-node/cookie-store@npm:0.0.1"
  dependencies:
    "@whatwg-node/events": ^0.0.3
    tslib: ^2.3.1
  checksum: b19ba18a6bc944a7fd41b1cb59263b3a7cc8e8389ea9476a7e5b1a539b6e33a590848701aebe95062de75e29cfab49897637b9aecfcaddba29b113391e354e68
  languageName: node
  linkType: hard

"@whatwg-node/events@npm:^0.0.3":
  version: 0.0.3
  resolution: "@whatwg-node/events@npm:0.0.3"
  checksum: af26f40d4d0a0f5f0ee45fc6124afb8d6b33988dae96ab0fb87aa5e66d1ff08a749491b9da533ea524bbaebd4a770736f254d574a91ab4455386aa098cee8c77
  languageName: node
  linkType: hard

"@whatwg-node/events@npm:^0.1.0":
  version: 0.1.0
  resolution: "@whatwg-node/events@npm:0.1.0"
  checksum: 374d43ee53fcb29f178e7ad5646a88eb35987bfa6a3638eac1a50bd27e3f9f64be9069cdd13254f7b4ea53370550bf91e087b467f5f0b96d65b575a34bfe48fa
  languageName: node
  linkType: hard

"@whatwg-node/fetch@npm:^0.8.2":
  version: 0.8.8
  resolution: "@whatwg-node/fetch@npm:0.8.8"
  dependencies:
    "@peculiar/webcrypto": ^1.4.0
    "@whatwg-node/node-fetch": ^0.3.6
    busboy: ^1.6.0
    urlpattern-polyfill: ^8.0.0
    web-streams-polyfill: ^3.2.1
  checksum: 891407ba57e32e5af70a3b0a86980c4466dcf2ba8581b6927475c85400280b163085519e98821dd94776da9aa1b0b1e221e718009e2abed9c8a0d4721025b2ab
  languageName: node
  linkType: hard

"@whatwg-node/fetch@npm:^0.9.0":
  version: 0.9.0
  resolution: "@whatwg-node/fetch@npm:0.9.0"
  dependencies:
    "@whatwg-node/node-fetch": ^0.4.0
    urlpattern-polyfill: ^8.0.0
  checksum: 7f656101fa17dfe0df513e8663938b6168cc99106be7d32f66836200e63545633a24ea2dcda31660c3fa8411b031a9ee1a5bbf042153f78c86f63a43bca9aacf
  languageName: node
  linkType: hard

"@whatwg-node/node-fetch@npm:^0.3.6":
  version: 0.3.6
  resolution: "@whatwg-node/node-fetch@npm:0.3.6"
  dependencies:
    "@whatwg-node/events": ^0.0.3
    busboy: ^1.6.0
    fast-querystring: ^1.1.1
    fast-url-parser: ^1.1.3
    tslib: ^2.3.1
  checksum: d3d7b0a0242c0511c7b666de66d9096fb24ea251426ce76e3a26a8ca17408de5d4d4f81b5aaec840cc7025f0321fb97e06067c53f377c844a5a9473dd76491ae
  languageName: node
  linkType: hard

"@whatwg-node/node-fetch@npm:^0.4.0":
  version: 0.4.0
  resolution: "@whatwg-node/node-fetch@npm:0.4.0"
  dependencies:
    "@whatwg-node/events": ^0.1.0
    busboy: ^1.6.0
    fast-querystring: ^1.1.1
    fast-url-parser: ^1.1.3
    tslib: ^2.3.1
  checksum: a18dca862f3fa1e5bc6f35f5df00f99feb56fa47462e7fe516aa108740e5b7381ea215018d27e4f97752885fa4cf7d1608d1f79317f01706e9dfd571729f1f8b
  languageName: node
  linkType: hard

"@whatwg-node/server@npm:^0.7.4":
  version: 0.7.6
  resolution: "@whatwg-node/server@npm:0.7.6"
  dependencies:
    "@whatwg-node/fetch": ^0.9.0
    tslib: ^2.3.1
  checksum: fcf430ff7b0d23cf4229a502a42d6aaebe4b2b568ed73290efc59a0382e54b648204a723880c6f1079e9be98c017a67dc50a3bca6623d024ddb65f1c411c9dc6
  languageName: node
  linkType: hard

"ajv-formats@npm:^2.1.1":
  version: 2.1.1
  resolution: "ajv-formats@npm:2.1.1"
  dependencies:
    ajv: ^8.0.0
  peerDependencies:
    ajv: ^8.0.0
  peerDependenciesMeta:
    ajv:
      optional: true
  checksum: 4a287d937f1ebaad4683249a4c40c0fa3beed30d9ddc0adba04859026a622da0d317851316ea64b3680dc60f5c3c708105ddd5d5db8fe595d9d0207fd19f90b7
  languageName: node
  linkType: hard

"ajv@npm:^8.0.0, ajv@npm:^8.12.0":
  version: 8.12.0
  resolution: "ajv@npm:8.12.0"
  dependencies:
    fast-deep-equal: ^3.1.1
    json-schema-traverse: ^1.0.0
    require-from-string: ^2.0.2
    uri-js: ^4.2.2
  checksum: 4dc13714e316e67537c8b31bc063f99a1d9d9a497eb4bbd55191ac0dcd5e4985bbb71570352ad6f1e76684fb6d790928f96ba3b2d4fd6e10024be9612fe3f001
  languageName: node
  linkType: hard

"asn1js@npm:^3.0.1, asn1js@npm:^3.0.5":
  version: 3.0.5
  resolution: "asn1js@npm:3.0.5"
  dependencies:
    pvtsutils: ^1.3.2
    pvutils: ^1.1.3
    tslib: ^2.4.0
  checksum: 3b6af1bbadd5762ef8ead5daf2f6bda1bc9e23bc825c4dcc996aa1f9521ad7390a64028565d95d98090d69c8431f004c71cccb866004759169d7c203cf9075eb
  languageName: node
  linkType: hard

"busboy@npm:^1.6.0":
  version: 1.6.0
  resolution: "busboy@npm:1.6.0"
  dependencies:
    streamsearch: ^1.1.0
  checksum: 32801e2c0164e12106bf236291a00795c3c4e4b709ae02132883fe8478ba2ae23743b11c5735a0aae8afe65ac4b6ca4568b91f0d9fed1fdbc32ede824a73746e
  languageName: node
  linkType: hard

"clickhouse-bot@workspace:.":
  version: 0.0.0-use.local
  resolution: "clickhouse-bot@workspace:."
  dependencies:
    fets: ^0.1.5
    prettier: ^2.7.1
    typescript: ^4.9.3
  languageName: unknown
  linkType: soft

"fast-decode-uri-component@npm:^1.0.1":
  version: 1.0.1
  resolution: "fast-decode-uri-component@npm:1.0.1"
  checksum: 427a48fe0907e76f0e9a2c228e253b4d8a8ab21d130ee9e4bb8339c5ba4086235cf9576831f7b20955a752eae4b525a177ff9d5825dd8d416e7726939194fbee
  languageName: node
  linkType: hard

"fast-deep-equal@npm:^3.1.1, fast-deep-equal@npm:^3.1.3":
  version: 3.1.3
  resolution: "fast-deep-equal@npm:3.1.3"
  checksum: e21a9d8d84f53493b6aa15efc9cfd53dd5b714a1f23f67fb5dc8f574af80df889b3bce25dc081887c6d25457cce704e636395333abad896ccdec03abaf1f3f9d
  languageName: node
  linkType: hard

"fast-querystring@npm:^1.1.1":
  version: 1.1.1
  resolution: "fast-querystring@npm:1.1.1"
  dependencies:
    fast-decode-uri-component: ^1.0.1
  checksum: 86d2b75b9b299a552353532fb1a542f09730ee2a61e657d68710971d9a2afc9a3c5c7b7e106b6534f4cc506d2ff1c08ab0fda4ae614b4e7720798c9ac2a88e02
  languageName: node
  linkType: hard

"fast-url-parser@npm:^1.1.3":
  version: 1.1.3
  resolution: "fast-url-parser@npm:1.1.3"
  dependencies:
    punycode: ^1.3.2
  checksum: 5043d0c4a8d775ff58504d56c096563c11b113e4cb8a2668c6f824a1cd4fb3812e2fdf76537eb24a7ce4ae7def6bd9747da630c617cf2a4b6ce0c42514e4f21c
  languageName: node
  linkType: hard

"fets@npm:^0.1.5":
  version: 0.1.5
  resolution: "fets@npm:0.1.5"
  dependencies:
    "@ardatan/fast-json-stringify": ^0.0.6
    "@whatwg-node/cookie-store": ^0.0.1
    "@whatwg-node/fetch": ^0.8.2
    "@whatwg-node/server": ^0.7.4
    ajv: ^8.12.0
    ajv-formats: ^2.1.1
    hotscript: ^1.0.11
    json-schema-to-ts: ^2.7.2
    openapi-types: ^12.1.0
    tslib: ^2.3.1
    zod: ^3.21.4
    zod-to-json-schema: ^3.20.5
  checksum: ca2364bbe2717e9310e9543f1c1a0b698e879626716f5463afbc07bfc4b901c21c15e384defb75b34fcd40adda133da76af9ba2a540f66765fd8695d5ba095d2
  languageName: node
  linkType: hard

"hotscript@npm:^1.0.11":
  version: 1.0.12
  resolution: "hotscript@npm:1.0.12"
  checksum: 47fb9119c3c4c8b7581b19afb52039a65389fd674c632d966548fcacf78dae31b6cd63e4a088146763488c046852ae43b2665d5c3190b7e1abf7f88adca83f56
  languageName: node
  linkType: hard

"json-schema-to-ts@npm:^2.7.2":
  version: 2.8.2
  resolution: "json-schema-to-ts@npm:2.8.2"
  dependencies:
    "@babel/runtime": ^7.18.3
    "@types/json-schema": ^7.0.9
    ts-algebra: ^1.2.0
  checksum: ee98c4822109fa4d05af37b4b7d5ef4000efe0c48a248f4720c490efff4eb074bb741ceedf8f0b422cd13e757d79f2ca90a86b5a498973844a11c287da74bb70
  languageName: node
  linkType: hard

"json-schema-traverse@npm:^1.0.0":
  version: 1.0.0
  resolution: "json-schema-traverse@npm:1.0.0"
  checksum: 02f2f466cdb0362558b2f1fd5e15cce82ef55d60cd7f8fa828cf35ba74330f8d767fcae5c5c2adb7851fa811766c694b9405810879bc4e1ddd78a7c0e03658ad
  languageName: node
  linkType: hard

"openapi-types@npm:^12.1.0":
  version: 12.1.0
  resolution: "openapi-types@npm:12.1.0"
  checksum: d8f3e2bae519aa6bcf2012f4a5592b7283fe928c06f3bdc182776ce637c7ed8d5f9f342724f68c95c9572aefe21ed5e89b18a0295a703da61af5f97bd2aea9a7
  languageName: node
  linkType: hard

"prettier@npm:^2.7.1":
  version: 2.7.1
  resolution: "prettier@npm:2.7.1"
  bin:
    prettier: bin-prettier.js
  checksum: 55a4409182260866ab31284d929b3cb961e5fdb91fe0d2e099dac92eaecec890f36e524b4c19e6ceae839c99c6d7195817579cdffc8e2c80da0cb794463a748b
  languageName: node
  linkType: hard

"punycode@npm:^1.3.2":
  version: 1.4.1
  resolution: "punycode@npm:1.4.1"
  checksum: fa6e698cb53db45e4628559e557ddaf554103d2a96a1d62892c8f4032cd3bc8871796cae9eabc1bc700e2b6677611521ce5bb1d9a27700086039965d0cf34518
  languageName: node
  linkType: hard

"punycode@npm:^2.1.0":
  version: 2.3.0
  resolution: "punycode@npm:2.3.0"
  checksum: 39f760e09a2a3bbfe8f5287cf733ecdad69d6af2fe6f97ca95f24b8921858b91e9ea3c9eeec6e08cede96181b3bb33f95c6ffd8c77e63986508aa2e8159fa200
  languageName: node
  linkType: hard

"pvtsutils@npm:^1.3.2":
  version: 1.3.2
  resolution: "pvtsutils@npm:1.3.2"
  dependencies:
    tslib: ^2.4.0
  checksum: 9b8155611363e2f40276879f2454e60204b45be0cd0482f9373f369308a2e9c76d5d74cdf661a3f5aae8022d75ea159eb0ba38ee78fc782ee3051e4722db98d0
  languageName: node
  linkType: hard

"pvutils@npm:^1.1.3":
  version: 1.1.3
  resolution: "pvutils@npm:1.1.3"
  checksum: 2ee26a9e5176c348977d6ec00d8ee80bff62f51743b1c5fe8abeeb4c5d29d9959cdfe0ce146707a9e6801bce88190fed3002d720b072dc87d031c692820b44c9
  languageName: node
  linkType: hard

"regenerator-runtime@npm:^0.13.11":
  version: 0.13.11
  resolution: "regenerator-runtime@npm:0.13.11"
  checksum: 27481628d22a1c4e3ff551096a683b424242a216fee44685467307f14d58020af1e19660bf2e26064de946bad7eff28950eae9f8209d55723e2d9351e632bbb4
  languageName: node
  linkType: hard

"require-from-string@npm:^2.0.2":
  version: 2.0.2
  resolution: "require-from-string@npm:2.0.2"
  checksum: a03ef6895445f33a4015300c426699bc66b2b044ba7b670aa238610381b56d3f07c686251740d575e22f4c87531ba662d06937508f0f3c0f1ddc04db3130560b
  languageName: node
  linkType: hard

"rfdc@npm:^1.2.0":
  version: 1.3.0
  resolution: "rfdc@npm:1.3.0"
  checksum: fb2ba8512e43519983b4c61bd3fa77c0f410eff6bae68b08614437bc3f35f91362215f7b4a73cbda6f67330b5746ce07db5dd9850ad3edc91271ad6deea0df32
  languageName: node
  linkType: hard

"streamsearch@npm:^1.1.0":
  version: 1.1.0
  resolution: "streamsearch@npm:1.1.0"
  checksum: 1cce16cea8405d7a233d32ca5e00a00169cc0e19fbc02aa839959985f267335d435c07f96e5e0edd0eadc6d39c98d5435fb5bbbdefc62c41834eadc5622ad942
  languageName: node
  linkType: hard

"ts-algebra@npm:^1.2.0":
  version: 1.2.0
  resolution: "ts-algebra@npm:1.2.0"
  checksum: 471d3a049dbceadf2355f980e4d0a4cba413b50e66f0c8fb5eece876c238f7d2a270e1c85aa9ebd04349ae70335715f8e6d87338fd8cf755d12e285e884b3d91
  languageName: node
  linkType: hard

"tslib@npm:^2.0.0, tslib@npm:^2.3.1, tslib@npm:^2.4.0, tslib@npm:^2.5.0":
  version: 2.5.0
  resolution: "tslib@npm:2.5.0"
  checksum: ae3ed5f9ce29932d049908ebfdf21b3a003a85653a9a140d614da6b767a93ef94f460e52c3d787f0e4f383546981713f165037dc2274df212ea9f8a4541004e1
  languageName: node
  linkType: hard

"typescript@npm:^4.9.3":
  version: 4.9.3
  resolution: "typescript@npm:4.9.3"
  bin:
    tsc: bin/tsc
    tsserver: bin/tsserver
  checksum: 17b8f816050b412403e38d48eef0e893deb6be522d6dc7caf105e54a72e34daf6835c447735fd2b28b66784e72bfbf87f627abb4818a8e43d1fa8106396128dc
  languageName: node
  linkType: hard

"typescript@patch:typescript@^4.9.3#~builtin<compat/typescript>":
  version: 4.9.3
  resolution: "typescript@patch:typescript@npm%3A4.9.3#~builtin<compat/typescript>::version=4.9.3&hash=d73830"
  bin:
    tsc: bin/tsc
    tsserver: bin/tsserver
  checksum: 67ca21a387c0572f1c04936e638dde7782c5aa520c3754aadc7cc9b7c915da9ebc3e27c601bfff4ccb7d7264e82dce6d277ada82ec09dc75024349e0ef64926d
  languageName: node
  linkType: hard

"uri-js@npm:^4.2.2":
  version: 4.4.1
  resolution: "uri-js@npm:4.4.1"
  dependencies:
    punycode: ^2.1.0
  checksum: 7167432de6817fe8e9e0c9684f1d2de2bb688c94388f7569f7dbdb1587c9f4ca2a77962f134ec90be0cc4d004c939ff0d05acc9f34a0db39a3c797dada262633
  languageName: node
  linkType: hard

"urlpattern-polyfill@npm:^8.0.0":
  version: 8.0.2
  resolution: "urlpattern-polyfill@npm:8.0.2"
  checksum: d2cc0905a613c77e330c426e8697ee522dd9640eda79ac51160a0f6350e103f09b8c327623880989f8ba7325e8d95267b745aa280fdcc2aead80b023e16bd09d
  languageName: node
  linkType: hard

"web-streams-polyfill@npm:^3.2.1":
  version: 3.2.1
  resolution: "web-streams-polyfill@npm:3.2.1"
  checksum: b119c78574b6d65935e35098c2afdcd752b84268e18746606af149e3c424e15621b6f1ff0b42b2676dc012fc4f0d313f964b41a4b5031e525faa03997457da02
  languageName: node
  linkType: hard

"webcrypto-core@npm:^1.7.7":
  version: 1.7.7
  resolution: "webcrypto-core@npm:1.7.7"
  dependencies:
    "@peculiar/asn1-schema": ^2.3.6
    "@peculiar/json-schema": ^1.1.12
    asn1js: ^3.0.1
    pvtsutils: ^1.3.2
    tslib: ^2.4.0
  checksum: 1dc5aedb250372dd95e175a671b990ae50e36974f99c4efc85d88e6528c1bc52dd964d44a41b68043c21fb26aabfe8aad4f05a1c39ca28d61de5ca7388413d52
  languageName: node
  linkType: hard

"zod-to-json-schema@npm:^3.20.5":
  version: 3.21.1
  resolution: "zod-to-json-schema@npm:3.21.1"
  peerDependencies:
    zod: ^3.21.4
  checksum: 70a00a0cb48f855962b6fef3191ac6c36bd1d809a343b22142390374aae511e7adfd8906d7d8ace6d6ad9fd646e29c22fdf3cb220c751f37b071efb2b21a512b
  languageName: node
  linkType: hard

"zod@npm:^3.21.4":
  version: 3.21.4
  resolution: "zod@npm:3.21.4"
  checksum: f185ba87342ff16f7a06686767c2b2a7af41110c7edf7c1974095d8db7a73792696bcb4a00853de0d2edeb34a5b2ea6a55871bc864227dace682a0a28de33e1f
  languageName: node
  linkType: hard
